
Microsoft Visual Studio Solution File, Format Version 12.00
# Visual Studio Version 17
VisualStudioVersion = 17.11.35312.102
MinimumVisualStudioVersion = 10.0.40219.1
Project("{FAE04EC0-301F-11D3-BF4B-00C04F79EFBC}") = "Mini Blog Application", "Mini Blog Application\Mini Blog Application.csproj", "{EE4E6965-EB86-4B66-999A-1A6C95DED638}"
EndProject
Global
	GlobalSection(SolutionConfigurationPlatforms) = preSolution
		Debug|Any CPU = Debug|Any CPU
		Release|Any CPU = Release|Any CPU
	EndGlobalSection
	GlobalSection(ProjectConfigurationPlatforms) = postSolution
		{EE4E6965-EB86-4B66-999A-1A6C95DED638}.Debug|Any CPU.ActiveCfg = Debug|Any CPU
		{EE4E6965-EB86-4B66-999A-1A6C95DED638}.Debug|Any CPU.Build.0 = Debug|Any CPU
		{EE4E6965-EB86-4B66-999A-1A6C95DED638}.Release|Any CPU.ActiveCfg = Release|Any CPU
		{EE4E6965-EB86-4B66-999A-1A6C95DED638}.Release|Any CPU.Build.0 = Release|Any CPU
	EndGlobalSection
	GlobalSection(SolutionProperties) = preSolution
		HideSolutionNode = FALSE
	EndGlobalSection
	GlobalSection(ExtensibilityGlobals) = postSolution
		SolutionGuid = {7E439CC1-CC7A-4022-AFED-9B072CC3A4F3}
	EndGlobalSection
EndGlobal
